
Microsoft Visual Studio Solution File, Format Version 12.00
# Visual Studio Version 17
VisualStudioVersion = 17.10.35013.160
MinimumVisualStudioVersion = 10.0.40219.1
Project("{9A19103F-16F7-4668-BE54-9A1E7A4F7556}") = "MovieTheater", "MovieTheater\MovieTheater.csproj", "{1254E6FC-C11F-4497-BEC9-611EF7F8E2E5}"
EndProject
Project("{9A19103F-16F7-4668-BE54-9A1E7A4F7556}") = "MovieTheater_Console", "MovieTheater_Console\MovieTheater_Console.csproj", "{13224DF3-61E4-445A-BC45-D88554AE1001}"
EndProject
Project("{FAE04EC0-301F-11D3-BF4B-00C04F79EFBC}") = "MovieTheater.Shared.Models", "MovieTheater.Shared.Models\MovieTheater.Shared.Models.csproj", "{9D4577AD-4489-4FBC-AAFB-F62672F51869}"
EndProject
Project("{FAE04EC0-301F-11D3-BF4B-00C04F79EFBC}") = "MovieTheater.Shared.Data", "MovieTheater.Shared.Data\MovieTheater.Shared.Data.csproj", "{AF3EB5FF-61D3-4904-BE86-7E1B0AF51899}"
EndProject
Global
	GlobalSection(SolutionConfigurationPlatforms) = preSolution
		Debug|Any CPU = Debug|Any CPU
		Release|Any CPU = Release|Any CPU
	EndGlobalSection
	GlobalSection(ProjectConfigurationPlatforms) = postSolution
		{1254E6FC-C11F-4497-BEC9-611EF7F8E2E5}.Debug|Any CPU.ActiveCfg = Debug|Any CPU
		{1254E6FC-C11F-4497-BEC9-611EF7F8E2E5}.Debug|Any CPU.Build.0 = Debug|Any CPU
		{1254E6FC-C11F-4497-BEC9-611EF7F8E2E5}.Release|Any CPU.ActiveCfg = Release|Any CPU
		{1254E6FC-C11F-4497-BEC9-611EF7F8E2E5}.Release|Any CPU.Build.0 = Release|Any CPU
		{13224DF3-61E4-445A-BC45-D88554AE1001}.Debug|Any CPU.ActiveCfg = Debug|Any CPU
		{13224DF3-61E4-445A-BC45-D88554AE1001}.Debug|Any CPU.Build.0 = Debug|Any CPU
		{13224DF3-61E4-445A-BC45-D88554AE1001}.Release|Any CPU.ActiveCfg = Release|Any CPU
		{13224DF3-61E4-445A-BC45-D88554AE1001}.Release|Any CPU.Build.0 = Release|Any CPU
		{9D4577AD-4489-4FBC-AAFB-F62672F51869}.Debug|Any CPU.ActiveCfg = Debug|Any CPU
		{9D4577AD-4489-4FBC-AAFB-F62672F51869}.Debug|Any CPU.Build.0 = Debug|Any CPU
		{9D4577AD-4489-4FBC-AAFB-F62672F51869}.Release|Any CPU.ActiveCfg = Release|Any CPU
		{9D4577AD-4489-4FBC-AAFB-F62672F51869}.Release|Any CPU.Build.0 = Release|Any CPU
		{AF3EB5FF-61D3-4904-BE86-7E1B0AF51899}.Debug|Any CPU.ActiveCfg = Debug|Any CPU
		{AF3EB5FF-61D3-4904-BE86-7E1B0AF51899}.Debug|Any CPU.Build.0 = Debug|Any CPU
		{AF3EB5FF-61D3-4904-BE86-7E1B0AF51899}.Release|Any CPU.ActiveCfg = Release|Any CPU
		{AF3EB5FF-61D3-4904-BE86-7E1B0AF51899}.Release|Any CPU.Build.0 = Release|Any CPU
	EndGlobalSection
	GlobalSection(SolutionProperties) = preSolution
		HideSolutionNode = FALSE
	EndGlobalSection
	GlobalSection(ExtensibilityGlobals) = postSolution
		SolutionGuid = {FA7AF13D-8969-4303-B21C-332E065DCEDD}
	EndGlobalSection
EndGlobal
